
Microsoft Visual Studio Solution File, Format Version 12.00
# Visual Studio 14
VisualStudioVersion = 14.0.25420.1
MinimumVisualStudioVersion = 10.0.40219.1
Project("{FAE04EC0-301F-11D3-BF4B-00C04F79EFBC}") = "Server", "DEMO 1\Server.csproj", "{1730A3B1-10A0-445A-AB28-936322800FA3}"
EndProject
Project("{FAE04EC0-301F-11D3-BF4B-00C04F79EFBC}") = "Client", "Client\Client.csproj", "{E1FBFD0F-FD85-495E-930E-4518D7058646}"
EndProject
Global
	GlobalSection(SolutionConfigurationPlatforms) = preSolution
		Debug|Any CPU = Debug|Any CPU
		Release|Any CPU = Release|Any CPU
	EndGlobalSection
	GlobalSection(ProjectConfigurationPlatforms) = postSolution
		{1730A3B1-10A0-445A-AB28-936322800FA3}.Debug|Any CPU.ActiveCfg = Debug|Any CPU
		{1730A3B1-10A0-445A-AB28-936322800FA3}.Debug|Any CPU.Build.0 = Debug|Any CPU
		{1730A3B1-10A0-445A-AB28-936322800FA3}.Release|Any CPU.ActiveCfg = Release|Any CPU
		{1730A3B1-10A0-445A-AB28-936322800FA3}.Release|Any CPU.Build.0 = Release|Any CPU
		{E1FBFD0F-FD85-495E-930E-4518D7058646}.Debug|Any CPU.ActiveCfg = Debug|Any CPU
		{E1FBFD0F-FD85-495E-930E-4518D7058646}.Debug|Any CPU.Build.0 = Debug|Any CPU
		{E1FBFD0F-FD85-495E-930E-4518D7058646}.Release|Any CPU.ActiveCfg = Release|Any CPU
		{E1FBFD0F-FD85-495E-930E-4518D7058646}.Release|Any CPU.Build.0 = Release|Any CPU
	EndGlobalSection
	GlobalSection(SolutionProperties) = preSolution
		HideSolutionNode = FALSE
	EndGlobalSection
EndGlobal
